
Microsoft Visual Studio Solution File, Format Version 11.00
# Visual Studio 2010
Project("{8BC9CEB8-8B4A-11D0-8D11-00A0C91BC942}") = "jetManager", "jetManager\jetManager.vcxproj", "{E81530F2-47E4-4045-A496-2ECDEC058850}"
EndProject
Project("{8BC9CEB8-8B4A-11D0-8D11-00A0C91BC942}") = "controlClient", "..\2005\controlClient\controlClient.vcxproj", "{EE20A2E4-363A-45DD-A323-C50EBBB04040}"
EndProject
Global
	GlobalSection(SolutionConfigurationPlatforms) = preSolution
		Debug|Any CPU = Debug|Any CPU
		Debug|Mixed Platforms = Debug|Mixed Platforms
		Debug|Win32 = Debug|Win32
		Release|Any CPU = Release|Any CPU
		Release|Mixed Platforms = Release|Mixed Platforms
		Release|Win32 = Release|Win32
	EndGlobalSection
	GlobalSection(ProjectConfigurationPlatforms) = postSolution
		{E81530F2-47E4-4045-A496-2ECDEC058850}.Debug|Any CPU.ActiveCfg = Debug|Win32
		{E81530F2-47E4-4045-A496-2ECDEC058850}.Debug|Mixed Platforms.ActiveCfg = Debug|Win32
		{E81530F2-47E4-4045-A496-2ECDEC058850}.Debug|Mixed Platforms.Build.0 = Debug|Win32
		{E81530F2-47E4-4045-A496-2ECDEC058850}.Debug|Win32.ActiveCfg = Debug|Win32
		{E81530F2-47E4-4045-A496-2ECDEC058850}.Debug|Win32.Build.0 = Debug|Win32
		{E81530F2-47E4-4045-A496-2ECDEC058850}.Release|Any CPU.ActiveCfg = Release|Win32
		{E81530F2-47E4-4045-A496-2ECDEC058850}.Release|Mixed Platforms.ActiveCfg = Release|Win32
		{E81530F2-47E4-4045-A496-2ECDEC058850}.Release|Mixed Platforms.Build.0 = Release|Win32
		{E81530F2-47E4-4045-A496-2ECDEC058850}.Release|Win32.ActiveCfg = Release|Win32
		{E81530F2-47E4-4045-A496-2ECDEC058850}.Release|Win32.Build.0 = Release|Win32
		{EE20A2E4-363A-45DD-A323-C50EBBB04040}.Debug|Any CPU.ActiveCfg = Debug|Win32
		{EE20A2E4-363A-45DD-A323-C50EBBB04040}.Debug|Mixed Platforms.ActiveCfg = Debug|Win32
		{EE20A2E4-363A-45DD-A323-C50EBBB04040}.Debug|Win32.ActiveCfg = Debug|Win32
		{EE20A2E4-363A-45DD-A323-C50EBBB04040}.Debug|Win32.Build.0 = Debug|Win32
		{EE20A2E4-363A-45DD-A323-C50EBBB04040}.Release|Any CPU.ActiveCfg = Release|Win32
		{EE20A2E4-363A-45DD-A323-C50EBBB04040}.Release|Mixed Platforms.ActiveCfg = Release|Win32
		{EE20A2E4-363A-45DD-A323-C50EBBB04040}.Release|Mixed Platforms.Build.0 = Release|Win32
		{EE20A2E4-363A-45DD-A323-C50EBBB04040}.Release|Win32.ActiveCfg = Release|Win32
		{EE20A2E4-363A-45DD-A323-C50EBBB04040}.Release|Win32.Build.0 = Release|Win32
	EndGlobalSection
	GlobalSection(SolutionProperties) = preSolution
		HideSolutionNode = FALSE
	EndGlobalSection
EndGlobal
