
Microsoft Visual Studio Solution File, Format Version 9.00
# Visual Studio 2005
Project("{8BC9CEB8-8B4A-11D0-8D11-00A0C91BC942}") = "taskServer", "taskServer\taskServer.vcproj", "{1340A510-F2DF-446A-A125-120DE873AF85}"
EndProject
Project("{8BC9CEB8-8B4A-11D0-8D11-00A0C91BC942}") = "jetManager", "..\jetManager\jetManager\jetManager.vcproj", "{E81530F2-47E4-4045-A496-2ECDEC058850}"
EndProject
Global
	GlobalSection(SolutionConfigurationPlatforms) = preSolution
		Debug|Win32 = Debug|Win32
		Release|Win32 = Release|Win32
	EndGlobalSection
	GlobalSection(ProjectConfigurationPlatforms) = postSolution
		{1340A510-F2DF-446A-A125-120DE873AF85}.Debug|Win32.ActiveCfg = Debug|Win32
		{1340A510-F2DF-446A-A125-120DE873AF85}.Debug|Win32.Build.0 = Debug|Win32
		{1340A510-F2DF-446A-A125-120DE873AF85}.Release|Win32.ActiveCfg = Release|Win32
		{1340A510-F2DF-446A-A125-120DE873AF85}.Release|Win32.Build.0 = Release|Win32
		{E81530F2-47E4-4045-A496-2ECDEC058850}.Debug|Win32.ActiveCfg = Debug|Win32
		{E81530F2-47E4-4045-A496-2ECDEC058850}.Release|Win32.ActiveCfg = Release|Win32
		{E81530F2-47E4-4045-A496-2ECDEC058850}.Release|Win32.Build.0 = Release|Win32
	EndGlobalSection
	GlobalSection(SolutionProperties) = preSolution
		HideSolutionNode = FALSE
	EndGlobalSection
EndGlobal
